
Microsoft Visual Studio Solution File, Format Version 12.00
# Visual Studio 14
VisualStudioVersion = 14.0.25420.1
MinimumVisualStudioVersion = 10.0.40219.1
Project("{FAE04EC0-301F-11D3-BF4B-00C04F79EFBC}") = "ConferenceTracker", "ConferenceTracker\ConferenceTracker.csproj", "{994053EA-EC3A-440F-9CC7-8EA218EC6CE7}"
EndProject
Project("{FAE04EC0-301F-11D3-BF4B-00C04F79EFBC}") = "ConferenceTrackerLogicModule", "ConferenceTrackerLogicModule\ConferenceTrackerLogicModule.csproj", "{ECB50F26-CC01-4BB2-A5D0-C804AE68685D}"
EndProject
Global
	GlobalSection(SolutionConfigurationPlatforms) = preSolution
		Debug|Any CPU = Debug|Any CPU
		Release|Any CPU = Release|Any CPU
	EndGlobalSection
	GlobalSection(ProjectConfigurationPlatforms) = postSolution
		{994053EA-EC3A-440F-9CC7-8EA218EC6CE7}.Debug|Any CPU.ActiveCfg = Debug|Any CPU
		{994053EA-EC3A-440F-9CC7-8EA218EC6CE7}.Debug|Any CPU.Build.0 = Debug|Any CPU
		{994053EA-EC3A-440F-9CC7-8EA218EC6CE7}.Release|Any CPU.ActiveCfg = Release|Any CPU
		{994053EA-EC3A-440F-9CC7-8EA218EC6CE7}.Release|Any CPU.Build.0 = Release|Any CPU
		{ECB50F26-CC01-4BB2-A5D0-C804AE68685D}.Debug|Any CPU.ActiveCfg = Debug|Any CPU
		{ECB50F26-CC01-4BB2-A5D0-C804AE68685D}.Debug|Any CPU.Build.0 = Debug|Any CPU
		{ECB50F26-CC01-4BB2-A5D0-C804AE68685D}.Release|Any CPU.ActiveCfg = Release|Any CPU
		{ECB50F26-CC01-4BB2-A5D0-C804AE68685D}.Release|Any CPU.Build.0 = Release|Any CPU
	EndGlobalSection
	GlobalSection(SolutionProperties) = preSolution
		HideSolutionNode = FALSE
	EndGlobalSection
EndGlobal
